// !$*UTF8*$!
{
	archiveVersion = 1;
	classes = {
	};
	objectVersion = 46;
	objects = {

/* Begin PBXBuildFile section */
		840A23AE1EC5530300C2F044 /* YYFPSLabel.m in Sources */ = {isa = PBXBuildFile; fileRef = 840A23AB1EC5530300C2F044 /* YYFPSLabel.m */; };
		840A23AF1EC5530300C2F044 /* YYWeakProxy.m in Sources */ = {isa = PBXBuildFile; fileRef = 840A23AD1EC5530300C2F044 /* YYWeakProxy.m */; };
		840A23B51EC559FD00C2F044 /* FMNavgationController.m in Sources */ = {isa = PBXBuildFile; fileRef = 840A23B41EC559FD00C2F044 /* FMNavgationController.m */; };
		840A23B91EC55C0500C2F044 /* FMBaseViewController.m in Sources */ = {isa = PBXBuildFile; fileRef = 840A23B81EC55C0500C2F044 /* FMBaseViewController.m */; };
		840A23BC1EC561E300C2F044 /* FMPercentDrivenInteractiveTransition.m in Sources */ = {isa = PBXBuildFile; fileRef = 840A23BB1EC561E300C2F044 /* FMPercentDrivenInteractiveTransition.m */; };
		841F61B11EC3FA50006AB7A6 /* main.m in Sources */ = {isa = PBXBuildFile; fileRef = 841F61B01EC3FA50006AB7A6 /* main.m */; };
		841F61B41EC3FA50006AB7A6 /* AppDelegate.m in Sources */ = {isa = PBXBuildFile; fileRef = 841F61B31EC3FA50006AB7A6 /* AppDelegate.m */; };
		841F61B71EC3FA50006AB7A6 /* ViewController.m in Sources */ = {isa = PBXBuildFile; fileRef = 841F61B61EC3FA50006AB7A6 /* ViewController.m */; };
		841F61BA1EC3FA50006AB7A6 /* Main.storyboard in Resources */ = {isa = PBXBuildFile; fileRef = 841F61B81EC3FA50006AB7A6 /* Main.storyboard */; };
		841F61BD1EC3FA50006AB7A6 /* Demo2.xcdatamodeld in Sources */ = {isa = PBXBuildFile; fileRef = 841F61BB1EC3FA50006AB7A6 /* Demo2.xcdatamodeld */; };
		841F61BF1EC3FA50006AB7A6 /* Assets.xcassets in Resources */ = {isa = PBXBuildFile; fileRef = 841F61BE1EC3FA50006AB7A6 /* Assets.xcassets */; };
		841F61C21EC3FA50006AB7A6 /* LaunchScreen.storyboard in Resources */ = {isa = PBXBuildFile; fileRef = 841F61C01EC3FA50006AB7A6 /* LaunchScreen.storyboard */; };
		841F61CD1EC3FA50006AB7A6 /* Demo2Tests.m in Sources */ = {isa = PBXBuildFile; fileRef = 841F61CC1EC3FA50006AB7A6 /* Demo2Tests.m */; };
		841F61D81EC3FA50006AB7A6 /* Demo2UITests.m in Sources */ = {isa = PBXBuildFile; fileRef = 841F61D71EC3FA50006AB7A6 /* Demo2UITests.m */; };
		841F61EB1EC3FE18006AB7A6 /* FMPanModalTransition.m in Sources */ = {isa = PBXBuildFile; fileRef = 841F61EA1EC3FE18006AB7A6 /* FMPanModalTransition.m */; };
		841F62061EC40BF4006AB7A6 /* MASCompositeConstraint.m in Sources */ = {isa = PBXBuildFile; fileRef = 841F61F01EC40BF4006AB7A6 /* MASCompositeConstraint.m */; };
		841F62071EC40BF4006AB7A6 /* MASConstraint.m in Sources */ = {isa = PBXBuildFile; fileRef = 841F61F31EC40BF4006AB7A6 /* MASConstraint.m */; };
		841F62081EC40BF4006AB7A6 /* MASConstraintMaker.m in Sources */ = {isa = PBXBuildFile; fileRef = 841F61F51EC40BF4006AB7A6 /* MASConstraintMaker.m */; };
		841F62091EC40BF4006AB7A6 /* MASLayoutConstraint.m in Sources */ = {isa = PBXBuildFile; fileRef = 841F61F71EC40BF4006AB7A6 /* MASLayoutConstraint.m */; };
		841F620A1EC40BF4006AB7A6 /* MASViewAttribute.m in Sources */ = {isa = PBXBuildFile; fileRef = 841F61FB1EC40BF4006AB7A6 /* MASViewAttribute.m */; };
		841F620B1EC40BF4006AB7A6 /* MASViewConstraint.m in Sources */ = {isa = PBXBuildFile; fileRef = 841F61FD1EC40BF4006AB7A6 /* MASViewConstraint.m */; };
		841F620C1EC40BF4006AB7A6 /* NSArray+MASAdditions.m in Sources */ = {isa = PBXBuildFile; fileRef = 841F61FF1EC40BF4006AB7A6 /* NSArray+MASAdditions.m */; };
		841F620D1EC40BF4006AB7A6 /* NSLayoutConstraint+MASDebugAdditions.m in Sources */ = {isa = PBXBuildFile; fileRef = 841F62021EC40BF4006AB7A6 /* NSLayoutConstraint+MASDebugAdditions.m */; };
		841F620E1EC40BF4006AB7A6 /* View+MASAdditions.m in Sources */ = {isa = PBXBuildFile; fileRef = 841F62041EC40BF4006AB7A6 /* View+MASAdditions.m */; };
		841F62131EC4125F006AB7A6 /* ModalToViewController.m in Sources */ = {isa = PBXBuildFile; fileRef = 841F62121EC4125F006AB7A6 /* ModalToViewController.m */; };
		841F62161EC412F4006AB7A6 /* ModalFromViewController.m in Sources */ = {isa = PBXBuildFile; fileRef = 841F62151EC412F4006AB7A6 /* ModalFromViewController.m */; };
/* End PBXBuildFile section */

/* Begin PBXContainerItemProxy section */
		841F61C91EC3FA50006AB7A6 /* PBXContainerItemProxy */ = {
			isa = PBXContainerItemProxy;
			containerPortal = 841F61A41EC3FA50006AB7A6 /* Project object */;
			proxyType = 1;
			remoteGlobalIDString = 841F61AB1EC3FA50006AB7A6;
			remoteInfo = Demo2;
		};
		841F61D41EC3FA50006AB7A6 /* PBXContainerItemProxy */ = {
			isa = PBXContainerItemProxy;
			containerPortal = 841F61A41EC3FA50006AB7A6 /* Project object */;
			proxyType = 1;
			remoteGlobalIDString = 841F61AB1EC3FA50006AB7A6;
			remoteInfo = Demo2;
		};
/* End PBXContainerItemProxy section */

/* Begin PBXFileReference section */
		840A23AA1EC5530300C2F044 /* YYFPSLabel.h */ = {isa = PBXFileReference; fileEncoding = 4; lastKnownFileType = sourcecode.c.h; path = YYFPSLabel.h; sourceTree = "<group>"; };
		840A23AB1EC5530300C2F044 /* YYFPSLabel.m */ = {isa = PBXFileReference; fileEncoding = 4; lastKnownFileType = sourcecode.c.objc; path = YYFPSLabel.m; sourceTree = "<group>"; };
		840A23AC1EC5530300C2F044 /* YYWeakProxy.h */ = {isa = PBXFileReference; fileEncoding = 4; lastKnownFileType = sourcecode.c.h; path = YYWeakProxy.h; sourceTree = "<group>"; };
		840A23AD1EC5530300C2F044 /* YYWeakProxy.m */ = {isa = PBXFileReference; fileEncoding = 4; lastKnownFileType = sourcecode.c.objc; path = YYWeakProxy.m; sourceTree = "<group>"; };
		840A23B31EC559FD00C2F044 /* FMNavgationController.h */ = {isa = PBXFileReference; fileEncoding = 4; lastKnownFileType = sourcecode.c.h; path = FMNavgationController.h; sourceTree = "<group>"; };
		840A23B41EC559FD00C2F044 /* FMNavgationController.m */ = {isa = PBXFileReference; fileEncoding = 4; lastKnownFileType = sourcecode.c.objc; path = FMNavgationController.m; sourceTree = "<group>"; };
		840A23B71EC55C0500C2F044 /* FMBaseViewController.h */ = {isa = PBXFileReference; fileEncoding = 4; lastKnownFileType = sourcecode.c.h; path = FMBaseViewController.h; sourceTree = "<group>"; };
		840A23B81EC55C0500C2F044 /* FMBaseViewController.m */ = {isa = PBXFileReference; fileEncoding = 4; lastKnownFileType = sourcecode.c.objc; path = FMBaseViewController.m; sourceTree = "<group>"; };
		840A23BA1EC561E300C2F044 /* FMPercentDrivenInteractiveTransition.h */ = {isa = PBXFileReference; fileEncoding = 4; lastKnownFileType = sourcecode.c.h; path = FMPercentDrivenInteractiveTransition.h; sourceTree = "<group>"; };
		840A23BB1EC561E300C2F044 /* FMPercentDrivenInteractiveTransition.m */ = {isa = PBXFileReference; fileEncoding = 4; lastKnownFileType = sourcecode.c.objc; path = FMPercentDrivenInteractiveTransition.m; sourceTree = "<group>"; };
		841F61AC1EC3FA50006AB7A6 /* Demo2.app */ = {isa = PBXFileReference; explicitFileType = wrapper.application; includeInIndex = 0; path = Demo2.app; sourceTree = BUILT_PRODUCTS_DIR; };
		841F61B01EC3FA50006AB7A6 /* main.m */ = {isa = PBXFileReference; lastKnownFileType = sourcecode.c.objc; path = main.m; sourceTree = "<group>"; };
		841F61B21EC3FA50006AB7A6 /* AppDelegate.h */ = {isa = PBXFileReference; lastKnownFileType = sourcecode.c.h; path = AppDelegate.h; sourceTree = "<group>"; };
		841F61B31EC3FA50006AB7A6 /* AppDelegate.m */ = {isa = PBXFileReference; lastKnownFileType = sourcecode.c.objc; path = AppDelegate.m; sourceTree = "<group>"; };
		841F61B51EC3FA50006AB7A6 /* ViewController.h */ = {isa = PBXFileReference; lastKnownFileType = sourcecode.c.h; path = ViewController.h; sourceTree = "<group>"; };
		841F61B61EC3FA50006AB7A6 /* ViewController.m */ = {isa = PBXFileReference; lastKnownFileType = sourcecode.c.objc; path = ViewController.m; sourceTree = "<group>"; };
		841F61B91EC3FA50006AB7A6 /* Base */ = {isa = PBXFileReference; lastKnownFileType = file.storyboard; name = Base; path = Base.lproj/Main.storyboard; sourceTree = "<group>"; };
		841F61BC1EC3FA50006AB7A6 /* Demo2.xcdatamodel */ = {isa = PBXFileReference; lastKnownFileType = wrapper.xcdatamodel; path = Demo2.xcdatamodel; sourceTree = "<group>"; };
		841F61BE1EC3FA50006AB7A6 /* Assets.xcassets */ = {isa = PBXFileReference; lastKnownFileType = folder.assetcatalog; path = Assets.xcassets; sourceTree = "<group>"; };
		841F61C11EC3FA50006AB7A6 /* Base */ = {isa = PBXFileReference; lastKnownFileType = file.storyboard; name = Base; path = Base.lproj/LaunchScreen.storyboard; sourceTree = "<group>"; };
		841F61C31EC3FA50006AB7A6 /* Info.plist */ = {isa = PBXFileReference; lastKnownFileType = text.plist.xml; path = Info.plist; sourceTree = "<group>"; };
		841F61C81EC3FA50006AB7A6 /* Demo2Tests.xctest */ = {isa = PBXFileReference; explicitFileType = wrapper.cfbundle; includeInIndex = 0; path = Demo2Tests.xctest; sourceTree = BUILT_PRODUCTS_DIR; };
		841F61CC1EC3FA50006AB7A6 /* Demo2Tests.m */ = {isa = PBXFileReference; lastKnownFileType = sourcecode.c.objc; path = Demo2Tests.m; sourceTree = "<group>"; };
		841F61CE1EC3FA50006AB7A6 /* Info.plist */ = {isa = PBXFileReference; lastKnownFileType = text.plist.xml; path = Info.plist; sourceTree = "<group>"; };
		841F61D31EC3FA50006AB7A6 /* Demo2UITests.xctest */ = {isa = PBXFileReference; explicitFileType = wrapper.cfbundle; includeInIndex = 0; path = Demo2UITests.xctest; sourceTree = BUILT_PRODUCTS_DIR; };
		841F61D71EC3FA50006AB7A6 /* Demo2UITests.m */ = {isa = PBXFileReference; lastKnownFileType = sourcecode.c.objc; path = Demo2UITests.m; sourceTree = "<group>"; };
		841F61D91EC3FA50006AB7A6 /* Info.plist */ = {isa = PBXFileReference; lastKnownFileType = text.plist.xml; path = Info.plist; sourceTree = "<group>"; };
		841F61E91EC3FE18006AB7A6 /* FMPanModalTransition.h */ = {isa = PBXFileReference; fileEncoding = 4; lastKnownFileType = sourcecode.c.h; path = FMPanModalTransition.h; sourceTree = "<group>"; };
		841F61EA1EC3FE18006AB7A6 /* FMPanModalTransition.m */ = {isa = PBXFileReference; fileEncoding = 4; lastKnownFileType = sourcecode.c.objc; path = FMPanModalTransition.m; sourceTree = "<group>"; };
		841F61EC1EC40076006AB7A6 /* PrefixHeader.pch */ = {isa = PBXFileReference; lastKnownFileType = sourcecode.c.h; path = PrefixHeader.pch; sourceTree = "<group>"; };
		841F61EF1EC40BF4006AB7A6 /* MASCompositeConstraint.h */ = {isa = PBXFileReference; fileEncoding = 4; lastKnownFileType = sourcecode.c.h; path = MASCompositeConstraint.h; sourceTree = "<group>"; };
		841F61F01EC40BF4006AB7A6 /* MASCompositeConstraint.m */ = {isa = PBXFileReference; fileEncoding = 4; lastKnownFileType = sourcecode.c.objc; path = MASCompositeConstraint.m; sourceTree = "<group>"; };
		841F61F11EC40BF4006AB7A6 /* MASConstraint+Private.h */ = {isa = PBXFileReference; fileEncoding = 4; lastKnownFileType = sourcecode.c.h; path = "MASConstraint+Private.h"; sourceTree = "<group>"; };
		841F61F21EC40BF4006AB7A6 /* MASConstraint.h */ = {isa = PBXFileReference; fileEncoding = 4; lastKnownFileType = sourcecode.c.h; path = MASConstraint.h; sourceTree = "<group>"; };
		841F61F31EC40BF4006AB7A6 /* MASConstraint.m */ = {isa = PBXFileReference; fileEncoding = 4; lastKnownFileType = sourcecode.c.objc; path = MASConstraint.m; sourceTree = "<group>"; };
		841F61F41EC40BF4006AB7A6 /* MASConstraintMaker.h */ = {isa = PBXFileReference; fileEncoding = 4; lastKnownFileType = sourcecode.c.h; path = MASConstraintMaker.h; sourceTree = "<group>"; };
		841F61F51EC40BF4006AB7A6 /* MASConstraintMaker.m */ = {isa = PBXFileReference; fileEncoding = 4; lastKnownFileType = sourcecode.c.objc; path = MASConstraintMaker.m; sourceTree = "<group>"; };
		841F61F61EC40BF4006AB7A6 /* MASLayoutConstraint.h */ = {isa = PBXFileReference; fileEncoding = 4; lastKnownFileType = sourcecode.c.h; path = MASLayoutConstraint.h; sourceTree = "<group>"; };
		841F61F71EC40BF4006AB7A6 /* MASLayoutConstraint.m */ = {isa = PBXFileReference; fileEncoding = 4; lastKnownFileType = sourcecode.c.objc; path = MASLayoutConstraint.m; sourceTree = "<group>"; };
		841F61F81EC40BF4006AB7A6 /* Masonry.h */ = {isa = PBXFileReference; fileEncoding = 4; lastKnownFileType = sourcecode.c.h; path = Masonry.h; sourceTree = "<group>"; };
		841F61F91EC40BF4006AB7A6 /* MASUtilities.h */ = {isa = PBXFileReference; fileEncoding = 4; lastKnownFileType = sourcecode.c.h; path = MASUtilities.h; sourceTree = "<group>"; };
		841F61FA1EC40BF4006AB7A6 /* MASViewAttribute.h */ = {isa = PBXFileReference; fileEncoding = 4; lastKnownFileType = sourcecode.c.h; path = MASViewAttribute.h; sourceTree = "<group>"; };
		841F61FB1EC40BF4006AB7A6 /* MASViewAttribute.m */ = {isa = PBXFileReference; fileEncoding = 4; lastKnownFileType = sourcecode.c.objc; path = MASViewAttribute.m; sourceTree = "<group>"; };
		841F61FC1EC40BF4006AB7A6 /* MASViewConstraint.h */ = {isa = PBXFileReference; fileEncoding = 4; lastKnownFileType = sourcecode.c.h; path = MASViewConstraint.h; sourceTree = "<group>"; };
		841F61FD1EC40BF4006AB7A6 /* MASViewConstraint.m */ = {isa = PBXFileReference; fileEncoding = 4; lastKnownFileType = sourcecode.c.objc; path = MASViewConstraint.m; sourceTree = "<group>"; };
		841F61FE1EC40BF4006AB7A6 /* NSArray+MASAdditions.h */ = {isa = PBXFileReference; fileEncoding = 4; lastKnownFileType = sourcecode.c.h; path = "NSArray+MASAdditions.h"; sourceTree = "<group>"; };
		841F61FF1EC40BF4006AB7A6 /* NSArray+MASAdditions.m */ = {isa = PBXFileReference; fileEncoding = 4; lastKnownFileType = sourcecode.c.objc; path = "NSArray+MASAdditions.m"; sourceTree = "<group>"; };
		841F62001EC40BF4006AB7A6 /* NSArray+MASShorthandAdditions.h */ = {isa = PBXFileReference; fileEncoding = 4; lastKnownFileType = sourcecode.c.h; path = "NSArray+MASShorthandAdditions.h"; sourceTree = "<group>"; };
		841F62011EC40BF4006AB7A6 /* NSLayoutConstraint+MASDebugAdditions.h */ = {isa = PBXFileReference; fileEncoding = 4; lastKnownFileType = sourcecode.c.h; path = "NSLayoutConstraint+MASDebugAdditions.h"; sourceTree = "<group>"; };
		841F62021EC40BF4006AB7A6 /* NSLayoutConstraint+MASDebugAdditions.m */ = {isa = PBXFileReference; fileEncoding = 4; lastKnownFileType = sourcecode.c.objc; path = "NSLayoutConstraint+MASDebugAdditions.m"; sourceTree = "<group>"; };
		841F62031EC40BF4006AB7A6 /* View+MASAdditions.h */ = {isa = PBXFileReference; fileEncoding = 4; lastKnownFileType = sourcecode.c.h; path = "View+MASAdditions.h"; sourceTree = "<group>"; };
		841F62041EC40BF4006AB7A6 /* View+MASAdditions.m */ = {isa = PBXFileReference; fileEncoding = 4; lastKnownFileType = sourcecode.c.objc; path = "View+MASAdditions.m"; sourceTree = "<group>"; };
		841F62051EC40BF4006AB7A6 /* View+MASShorthandAdditions.h */ = {isa = PBXFileReference; fileEncoding = 4; lastKnownFileType = sourcecode.c.h; path = "View+MASShorthandAdditions.h"; sourceTree = "<group>"; };
		841F62111EC4125F006AB7A6 /* ModalToViewController.h */ = {isa = PBXFileReference; fileEncoding = 4; lastKnownFileType = sourcecode.c.h; path = ModalToViewController.h; sourceTree = "<group>"; };
		841F62121EC4125F006AB7A6 /* ModalToViewController.m */ = {isa = PBXFileReference; fileEncoding = 4; lastKnownFileType = sourcecode.c.objc; path = ModalToViewController.m; sourceTree = "<group>"; };
		841F62141EC412F4006AB7A6 /* ModalFromViewController.h */ = {isa = PBXFileReference; fileEncoding = 4; lastKnownFileType = sourcecode.c.h; path = ModalFromViewController.h; sourceTree = "<group>"; };
		841F62151EC412F4006AB7A6 /* ModalFromViewController.m */ = {isa = PBXFileReference; fileEncoding = 4; lastKnownFileType = sourcecode.c.objc; path = ModalFromViewController.m; sourceTree = "<group>"; };
/* End PBXFileReference section */

/* Begin PBXFrameworksBuildPhase section */
		841F61A91EC3FA50006AB7A6 /* Frameworks */ = {
			isa = PBXFrameworksBuildPhase;
			buildActionMask = 2147483647;
			files = (
			);
			runOnlyForDeploymentPostprocessing = 0;
		};
		841F61C51EC3FA50006AB7A6 /* Frameworks */ = {
			isa = PBXFrameworksBuildPhase;
			buildActionMask = 2147483647;
			files = (
			);
			runOnlyForDeploymentPostprocessing = 0;
		};
		841F61D01EC3FA50006AB7A6 /* Frameworks */ = {
			isa = PBXFrameworksBuildPhase;
			buildActionMask = 2147483647;
			files = (
			);
			runOnlyForDeploymentPostprocessing = 0;
		};
/* End PBXFrameworksBuildPhase section */

/* Begin PBXGroup section */
		840A23A91EC5530300C2F044 /* YYFPSLabel */ = {
			isa = PBXGroup;
			children = (
				840A23AA1EC5530300C2F044 /* YYFPSLabel.h */,
				840A23AB1EC5530300C2F044 /* YYFPSLabel.m */,
				840A23AC1EC5530300C2F044 /* YYWeakProxy.h */,
				840A23AD1EC5530300C2F044 /* YYWeakProxy.m */,
			);
			path = YYFPSLabel;
			sourceTree = "<group>";
		};
		840A23B01EC559DE00C2F044 /* Common */ = {
			isa = PBXGroup;
			children = (
				840A23B11EC559DE00C2F044 /* ViewController */,
			);
			path = Common;
			sourceTree = "<group>";
		};
		840A23B11EC559DE00C2F044 /* ViewController */ = {
			isa = PBXGroup;
			children = (
				840A23B21EC559DE00C2F044 /* Navigation */,
				840A23B71EC55C0500C2F044 /* FMBaseViewController.h */,
				840A23B81EC55C0500C2F044 /* FMBaseViewController.m */,
			);
			path = ViewController;
			sourceTree = "<group>";
		};
		840A23B21EC559DE00C2F044 /* Navigation */ = {
			isa = PBXGroup;
			children = (
				840A23B31EC559FD00C2F044 /* FMNavgationController.h */,
				840A23B41EC559FD00C2F044 /* FMNavgationController.m */,
			);
			path = Navigation;
			sourceTree = "<group>";
		};
		840A23B61EC55A4800C2F044 /* NavTransition */ = {
			isa = PBXGroup;
			children = (
			);
			path = NavTransition;
			sourceTree = "<group>";
		};
		841F61A31EC3FA50006AB7A6 = {
			isa = PBXGroup;
			children = (
				841F61EC1EC40076006AB7A6 /* PrefixHeader.pch */,
				841F61AE1EC3FA50006AB7A6 /* Demo2 */,
				841F61CB1EC3FA50006AB7A6 /* Demo2Tests */,
				841F61D61EC3FA50006AB7A6 /* Demo2UITests */,
				841F61AD1EC3FA50006AB7A6 /* Products */,
			);
			sourceTree = "<group>";
		};
		841F61AD1EC3FA50006AB7A6 /* Products */ = {
			isa = PBXGroup;
			children = (
				841F61AC1EC3FA50006AB7A6 /* Demo2.app */,
				841F61C81EC3FA50006AB7A6 /* Demo2Tests.xctest */,
				841F61D31EC3FA50006AB7A6 /* Demo2UITests.xctest */,
			);
			name = Products;
			sourceTree = "<group>";
		};
		841F61AE1EC3FA50006AB7A6 /* Demo2 */ = {
			isa = PBXGroup;
			children = (
				840A23B01EC559DE00C2F044 /* Common */,
				841F61ED1EC40BF3006AB7A6 /* Des */,
				841F61E81EC3FDEB006AB7A6 /* Transition */,
				841F620F1EC4120B006AB7A6 /* Classes */,
				841F61B21EC3FA50006AB7A6 /* AppDelegate.h */,
				841F61B31EC3FA50006AB7A6 /* AppDelegate.m */,
				841F61B51EC3FA50006AB7A6 /* ViewController.h */,
				841F61B61EC3FA50006AB7A6 /* ViewController.m */,
				841F61B81EC3FA50006AB7A6 /* Main.storyboard */,
				841F61BE1EC3FA50006AB7A6 /* Assets.xcassets */,
				841F61C01EC3FA50006AB7A6 /* LaunchScreen.storyboard */,
				841F61C31EC3FA50006AB7A6 /* Info.plist */,
				841F61BB1EC3FA50006AB7A6 /* Demo2.xcdatamodeld */,
				841F61AF1EC3FA50006AB7A6 /* Supporting Files */,
			);
			path = Demo2;
			sourceTree = "<group>";
		};
		841F61AF1EC3FA50006AB7A6 /* Supporting Files */ = {
			isa = PBXGroup;
			children = (
				841F61B01EC3FA50006AB7A6 /* main.m */,
			);
			name = "Supporting Files";
			sourceTree = "<group>";
		};
		841F61CB1EC3FA50006AB7A6 /* Demo2Tests */ = {
			isa = PBXGroup;
			children = (
				841F61CC1EC3FA50006AB7A6 /* Demo2Tests.m */,
				841F61CE1EC3FA50006AB7A6 /* Info.plist */,
			);
			path = Demo2Tests;
			sourceTree = "<group>";
		};
		841F61D61EC3FA50006AB7A6 /* Demo2UITests */ = {
			isa = PBXGroup;
			children = (
				841F61D71EC3FA50006AB7A6 /* Demo2UITests.m */,
				841F61D91EC3FA50006AB7A6 /* Info.plist */,
			);
			path = Demo2UITests;
			sourceTree = "<group>";
		};
		841F61E81EC3FDEB006AB7A6 /* Transition */ = {
			isa = PBXGroup;
			children = (
				841F61E91EC3FE18006AB7A6 /* FMPanModalTransition.h */,
				841F61EA1EC3FE18006AB7A6 /* FMPanModalTransition.m */,
				840A23BA1EC561E300C2F044 /* FMPercentDrivenInteractiveTransition.h */,
				840A23BB1EC561E300C2F044 /* FMPercentDrivenInteractiveTransition.m */,
			);
			path = Transition;
			sourceTree = "<group>";
		};
		841F61ED1EC40BF3006AB7A6 /* Des */ = {
			isa = PBXGroup;
			children = (
				840A23A91EC5530300C2F044 /* YYFPSLabel */,
				841F61EE1EC40BF4006AB7A6 /* Masonry */,
			);
			path = Des;
			sourceTree = "<group>";
		};
		841F61EE1EC40BF4006AB7A6 /* Masonry */ = {
			isa = PBXGroup;
			children = (
				841F61EF1EC40BF4006AB7A6 /* MASCompositeConstraint.h */,
				841F61F01EC40BF4006AB7A6 /* MASCompositeConstraint.m */,
				841F61F11EC40BF4006AB7A6 /* MASConstraint+Private.h */,
				841F61F21EC40BF4006AB7A6 /* MASConstraint.h */,
				841F61F31EC40BF4006AB7A6 /* MASConstraint.m */,
				841F61F41EC40BF4006AB7A6 /* MASConstraintMaker.h */,
				841F61F51EC40BF4006AB7A6 /* MASConstraintMaker.m */,
				841F61F61EC40BF4006AB7A6 /* MASLayoutConstraint.h */,
				841F61F71EC40BF4006AB7A6 /* MASLayoutConstraint.m */,
				841F61F81EC40BF4006AB7A6 /* Masonry.h */,
				841F61F91EC40BF4006AB7A6 /* MASUtilities.h */,
				841F61FA1EC40BF4006AB7A6 /* MASViewAttribute.h */,
				841F61FB1EC40BF4006AB7A6 /* MASViewAttribute.m */,
				841F61FC1EC40BF4006AB7A6 /* MASViewConstraint.h */,
				841F61FD1EC40BF4006AB7A6 /* MASViewConstraint.m */,
				841F61FE1EC40BF4006AB7A6 /* NSArray+MASAdditions.h */,
				841F61FF1EC40BF4006AB7A6 /* NSArray+MASAdditions.m */,
				841F62001EC40BF4006AB7A6 /* NSArray+MASShorthandAdditions.h */,
				841F62011EC40BF4006AB7A6 /* NSLayoutConstraint+MASDebugAdditions.h */,
				841F62021EC40BF4006AB7A6 /* NSLayoutConstraint+MASDebugAdditions.m */,
				841F62031EC40BF4006AB7A6 /* View+MASAdditions.h */,
				841F62041EC40BF4006AB7A6 /* View+MASAdditions.m */,
				841F62051EC40BF4006AB7A6 /* View+MASShorthandAdditions.h */,
			);
			path = Masonry;
			sourceTree = "<group>";
		};
		841F620F1EC4120B006AB7A6 /* Classes */ = {
			isa = PBXGroup;
			children = (
				840A23B61EC55A4800C2F044 /* NavTransition */,
				841F62101EC4120B006AB7A6 /* PanModelTransition */,
			);
			path = Classes;
			sourceTree = "<group>";
		};
		841F62101EC4120B006AB7A6 /* PanModelTransition */ = {
			isa = PBXGroup;
			children = (
				841F62141EC412F4006AB7A6 /* ModalFromViewController.h */,
				841F62151EC412F4006AB7A6 /* ModalFromViewController.m */,
				841F62111EC4125F006AB7A6 /* ModalToViewController.h */,
				841F62121EC4125F006AB7A6 /* ModalToViewController.m */,
			);
			path = PanModelTransition;
			sourceTree = "<group>";
		};
/* End PBXGroup section */

/* Begin PBXNativeTarget section */
		841F61AB1EC3FA50006AB7A6 /* Demo2 */ = {
			isa = PBXNativeTarget;
			buildConfigurationList = 841F61DC1EC3FA50006AB7A6 /* Build configuration list for PBXNativeTarget "Demo2" */;
			buildPhases = (
				841F61A81EC3FA50006AB7A6 /* Sources */,
				841F61A91EC3FA50006AB7A6 /* Frameworks */,
				841F61AA1EC3FA50006AB7A6 /* Resources */,
			);
			buildRules = (
			);
			dependencies = (
			);
			name = Demo2;
			productName = Demo2;
			productReference = 841F61AC1EC3FA50006AB7A6 /* Demo2.app */;
			productType = "com.apple.product-type.application";
		};
		841F61C71EC3FA50006AB7A6 /* Demo2Tests */ = {
			isa = PBXNativeTarget;
			buildConfigurationList = 841F61DF1EC3FA50006AB7A6 /* Build configuration list for PBXNativeTarget "Demo2Tests" */;
			buildPhases = (
				841F61C41EC3FA50006AB7A6 /* Sources */,
				841F61C51EC3FA50006AB7A6 /* Frameworks */,
				841F61C61EC3FA50006AB7A6 /* Resources */,
			);
			buildRules = (
			);
			dependencies = (
				841F61CA1EC3FA50006AB7A6 /* PBXTargetDependency */,
			);
			name = Demo2Tests;
			productName = Demo2Tests;
			productReference = 841F61C81EC3FA50006AB7A6 /* Demo2Tests.xctest */;
			productType = "com.apple.product-type.bundle.unit-test";
		};
		841F61D21EC3FA50006AB7A6 /* Demo2UITests */ = {
			isa = PBXNativeTarget;
			buildConfigurationList = 841F61E21EC3FA50006AB7A6 /* Build configuration list for PBXNativeTarget "Demo2UITests" */;
			buildPhases = (
				841F61CF1EC3FA50006AB7A6 /* Sources */,
				841F61D01EC3FA50006AB7A6 /* Frameworks */,
				841F61D11EC3FA50006AB7A6 /* Resources */,
			);
			buildRules = (
			);
			dependencies = (
				841F61D51EC3FA50006AB7A6 /* PBXTargetDependency */,
			);
			name = Demo2UITests;
			productName = Demo2UITests;
			productReference = 841F61D31EC3FA50006AB7A6 /* Demo2UITests.xctest */;
			productType = "com.apple.product-type.bundle.ui-testing";
		};
/* End PBXNativeTarget section */

/* Begin PBXProject section */
		841F61A41EC3FA50006AB7A6 /* Project object */ = {
			isa = PBXProject;
			attributes = {
				LastUpgradeCheck = 0810;
				ORGANIZATIONNAME = wangjiuyin;
				TargetAttributes = {
					841F61AB1EC3FA50006AB7A6 = {
						CreatedOnToolsVersion = 8.1;
						DevelopmentTeam = 538CZ4N2AQ;
						ProvisioningStyle = Automatic;
					};
					841F61C71EC3FA50006AB7A6 = {
						CreatedOnToolsVersion = 8.1;
						DevelopmentTeam = 538CZ4N2AQ;
						ProvisioningStyle = Automatic;
						TestTargetID = 841F61AB1EC3FA50006AB7A6;
					};
					841F61D21EC3FA50006AB7A6 = {
						CreatedOnToolsVersion = 8.1;
						DevelopmentTeam = 538CZ4N2AQ;
						ProvisioningStyle = Automatic;
						TestTargetID = 841F61AB1EC3FA50006AB7A6;
					};
				};
			};
			buildConfigurationList = 841F61A71EC3FA50006AB7A6 /* Build configuration list for PBXProject "Demo2" */;
			compatibilityVersion = "Xcode 3.2";
			developmentRegion = English;
			hasScannedForEncodings = 0;
			knownRegions = (
				en,
				Base,
			);
			mainGroup = 841F61A31EC3FA50006AB7A6;
			productRefGroup = 841F61AD1EC3FA50006AB7A6 /* Products */;
			projectDirPath = "";
			projectRoot = "";
			targets = (
				841F61AB1EC3FA50006AB7A6 /* Demo2 */,
				841F61C71EC3FA50006AB7A6 /* Demo2Tests */,
				841F61D21EC3FA50006AB7A6 /* Demo2UITests */,
			);
		};
/* End PBXProject section */

/* Begin PBXResourcesBuildPhase section */
		841F61AA1EC3FA50006AB7A6 /* Resources */ = {
			isa = PBXResourcesBuildPhase;
			buildActionMask = 2147483647;
			files = (
				841F61C21EC3FA50006AB7A6 /* LaunchScreen.storyboard in Resources */,
				841F61BF1EC3FA50006AB7A6 /* Assets.xcassets in Resources */,
				841F61BA1EC3FA50006AB7A6 /* Main.storyboard in Resources */,
			);
			runOnlyForDeploymentPostprocessing = 0;
		};
		841F61C61EC3FA50006AB7A6 /* Resources */ = {
			isa = PBXResourcesBuildPhase;
			buildActionMask = 2147483647;
			files = (
			);
			runOnlyForDeploymentPostprocessing = 0;
		};
		841F61D11EC3FA50006AB7A6 /* Resources */ = {
			isa = PBXResourcesBuildPhase;
			buildActionMask = 2147483647;
			files = (
			);
			runOnlyForDeploymentPostprocessing = 0;
		};
/* End PBXResourcesBuildPhase section */

/* Begin PBXSourcesBuildPhase section */
		841F61A81EC3FA50006AB7A6 /* Sources */ = {
			isa = PBXSourcesBuildPhase;
			buildActionMask = 2147483647;
			files = (
				841F62071EC40BF4006AB7A6 /* MASConstraint.m in Sources */,
				841F620A1EC40BF4006AB7A6 /* MASViewAttribute.m in Sources */,
				841F62131EC4125F006AB7A6 /* ModalToViewController.m in Sources */,
				840A23AF1EC5530300C2F044 /* YYWeakProxy.m in Sources */,
				841F620C1EC40BF4006AB7A6 /* NSArray+MASAdditions.m in Sources */,
				840A23B51EC559FD00C2F044 /* FMNavgationController.m in Sources */,
				841F62161EC412F4006AB7A6 /* ModalFromViewController.m in Sources */,
				841F61B71EC3FA50006AB7A6 /* ViewController.m in Sources */,
				841F620B1EC40BF4006AB7A6 /* MASViewConstraint.m in Sources */,
				841F62091EC40BF4006AB7A6 /* MASLayoutConstraint.m in Sources */,
				840A23B91EC55C0500C2F044 /* FMBaseViewController.m in Sources */,
				841F61BD1EC3FA50006AB7A6 /* Demo2.xcdatamodeld in Sources */,
				841F620E1EC40BF4006AB7A6 /* View+MASAdditions.m in Sources */,
				841F62061EC40BF4006AB7A6 /* MASCompositeConstraint.m in Sources */,
				841F620D1EC40BF4006AB7A6 /* NSLayoutConstraint+MASDebugAdditions.m in Sources */,
				841F62081EC40BF4006AB7A6 /* MASConstraintMaker.m in Sources */,
				840A23BC1EC561E300C2F044 /* FMPercentDrivenInteractiveTransition.m in Sources */,
				841F61B41EC3FA50006AB7A6 /* AppDelegate.m in Sources */,
				841F61B11EC3FA50006AB7A6 /* main.m in Sources */,
				840A23AE1EC5530300C2F044 /* YYFPSLabel.m in Sources */,
				841F61EB1EC3FE18006AB7A6 /* FMPanModalTransition.m in Sources */,
			);
			runOnlyForDeploymentPostprocessing = 0;
		};
		841F61C41EC3FA50006AB7A6 /* Sources */ = {
			isa = PBXSourcesBuildPhase;
			buildActionMask = 2147483647;
			files = (
				841F61CD1EC3FA50006AB7A6 /* Demo2Tests.m in Sources */,
			);
			runOnlyForDeploymentPostprocessing = 0;
		};
		841F61CF1EC3FA50006AB7A6 /* Sources */ = {
			isa = PBXSourcesBuildPhase;
			buildActionMask = 2147483647;
			files = (
				841F61D81EC3FA50006AB7A6 /* Demo2UITests.m in Sources */,
			);
			runOnlyForDeploymentPostprocessing = 0;
		};
/* End PBXSourcesBuildPhase section */

/* Begin PBXTargetDependency section */
		841F61CA1EC3FA50006AB7A6 /* PBXTargetDependency */ = {
			isa = PBXTargetDependency;
			target = 841F61AB1EC3FA50006AB7A6 /* Demo2 */;
			targetProxy = 841F61C91EC3FA50006AB7A6 /* PBXContainerItemProxy */;
		};
		841F61D51EC3FA50006AB7A6 /* PBXTargetDependency */ = {
			isa = PBXTargetDependency;
			target = 841F61AB1EC3FA50006AB7A6 /* Demo2 */;
			targetProxy = 841F61D41EC3FA50006AB7A6 /* PBXContainerItemProxy */;
		};
/* End PBXTargetDependency section */

/* Begin PBXVariantGroup section */
		841F61B81EC3FA50006AB7A6 /* Main.storyboard */ = {
			isa = PBXVariantGroup;
			children = (
				841F61B91EC3FA50006AB7A6 /* Base */,
			);
			name = Main.storyboard;
			sourceTree = "<group>";
		};
		841F61C01EC3FA50006AB7A6 /* LaunchScreen.storyboard */ = {
			isa = PBXVariantGroup;
			children = (
				841F61C11EC3FA50006AB7A6 /* Base */,
			);
			name = LaunchScreen.storyboard;
			sourceTree = "<group>";
		};
/* End PBXVariantGroup section */

/* Begin XCBuildConfiguration section */
		841F61DA1EC3FA50006AB7A6 /* Debug */ = {
			isa = XCBuildConfiguration;
			buildSettings = {
				ALWAYS_SEARCH_USER_PATHS = NO;
				CLANG_ANALYZER_NONNULL = YES;
				CLANG_CXX_LANGUAGE_STANDARD = "gnu++0x";
				CLANG_CXX_LIBRARY = "libc++";
				CLANG_ENABLE_MODULES = YES;
				CLANG_ENABLE_OBJC_ARC = YES;
				CLANG_WARN_BOOL_CONVERSION = YES;
				CLANG_WARN_CONSTANT_CONVERSION = YES;
				CLANG_WARN_DIRECT_OBJC_ISA_USAGE = YES_ERROR;
				CLANG_WARN_DOCUMENTATION_COMMENTS = YES;
				CLANG_WARN_EMPTY_BODY = YES;
				CLANG_WARN_ENUM_CONVERSION = YES;
				CLANG_WARN_INFINITE_RECURSION = YES;
				CLANG_WARN_INT_CONVERSION = YES;
				CLANG_WARN_OBJC_ROOT_CLASS = YES_ERROR;
				CLANG_WARN_SUSPICIOUS_MOVES = YES;
				CLANG_WARN_UNREACHABLE_CODE = YES;
				CLANG_WARN__DUPLICATE_METHOD_MATCH = YES;
				"CODE_SIGN_IDENTITY[sdk=iphoneos*]" = "iPhone Developer";
				COPY_PHASE_STRIP = NO;
				DEBUG_INFORMATION_FORMAT = dwarf;
				ENABLE_STRICT_OBJC_MSGSEND = YES;
				ENABLE_TESTABILITY = YES;
				GCC_C_LANGUAGE_STANDARD = gnu99;
				GCC_DYNAMIC_NO_PIC = NO;
				GCC_NO_COMMON_BLOCKS = YES;
				GCC_OPTIMIZATION_LEVEL = 0;
				GCC_PREPROCESSOR_DEFINITIONS = (
					"DEBUG=1",
					"$(inherited)",
				);
				GCC_WARN_64_TO_32_BIT_CONVERSION = YES;
				GCC_WARN_ABOUT_RETURN_TYPE = YES_ERROR;
				GCC_WARN_UNDECLARED_SELECTOR = YES;
				GCC_WARN_UNINITIALIZED_AUTOS = YES_AGGRESSIVE;
				GCC_WARN_UNUSED_FUNCTION = YES;
				GCC_WARN_UNUSED_VARIABLE = YES;
				IPHONEOS_DEPLOYMENT_TARGET = 8.0;
				MTL_ENABLE_DEBUG_INFO = YES;
				ONLY_ACTIVE_ARCH = YES;
				SDKROOT = iphoneos;
				TARGETED_DEVICE_FAMILY = "1,2";
			};
			name = Debug;
		};
		841F61DB1EC3FA50006AB7A6 /* Release */ = {
			isa = XCBuildConfiguration;
			buildSettings = {
				ALWAYS_SEARCH_USER_PATHS = NO;
				CLANG_ANALYZER_NONNULL = YES;
				CLANG_CXX_LANGUAGE_STANDARD = "gnu++0x";
				CLANG_CXX_LIBRARY = "libc++";
				CLANG_ENABLE_MODULES = YES;
				CLANG_ENABLE_OBJC_ARC = YES;
				CLANG_WARN_BOOL_CONVERSION = YES;
				CLANG_WARN_CONSTANT_CONVERSION = YES;
				CLANG_WARN_DIRECT_OBJC_ISA_USAGE = YES_ERROR;
				CLANG_WARN_DOCUMENTATION_COMMENTS = YES;
				CLANG_WARN_EMPTY_BODY = YES;
				CLANG_WARN_ENUM_CONVERSION = YES;
				CLANG_WARN_INFINITE_RECURSION = YES;
				CLANG_WARN_INT_CONVERSION = YES;
				CLANG_WARN_OBJC_ROOT_CLASS = YES_ERROR;
				CLANG_WARN_SUSPICIOUS_MOVES = YES;
				CLANG_WARN_UNREACHABLE_CODE = YES;
				CLANG_WARN__DUPLICATE_METHOD_MATCH = YES;
				"CODE_SIGN_IDENTITY[sdk=iphoneos*]" = "iPhone Developer";
				COPY_PHASE_STRIP = NO;
				DEBUG_INFORMATION_FORMAT = "dwarf-with-dsym";
				ENABLE_NS_ASSERTIONS = NO;
				ENABLE_STRICT_OBJC_MSGSEND = YES;
				GCC_C_LANGUAGE_STANDARD = gnu99;
				GCC_NO_COMMON_BLOCKS = YES;
				GCC_WARN_64_TO_32_BIT_CONVERSION = YES;
				GCC_WARN_ABOUT_RETURN_TYPE = YES_ERROR;
				GCC_WARN_UNDECLARED_SELECTOR = YES;
				GCC_WARN_UNINITIALIZED_AUTOS = YES_AGGRESSIVE;
				GCC_WARN_UNUSED_FUNCTION = YES;
				GCC_WARN_UNUSED_VARIABLE = YES;
				IPHONEOS_DEPLOYMENT_TARGET = 8.0;
				MTL_ENABLE_DEBUG_INFO = NO;
				SDKROOT = iphoneos;
				TARGETED_DEVICE_FAMILY = "1,2";
				VALIDATE_PRODUCT = YES;
			};
			name = Release;
		};
		841F61DD1EC3FA50006AB7A6 /* Debug */ = {
			isa = XCBuildConfiguration;
			buildSettings = {
				ASSETCATALOG_COMPILER_APPICON_NAME = AppIcon;
				DEVELOPMENT_TEAM = 538CZ4N2AQ;
				GCC_PRECOMPILE_PREFIX_HEADER = YES;
				GCC_PREFIX_HEADER = PrefixHeader.pch;
				INFOPLIST_FILE = Demo2/Info.plist;
				IPHONEOS_DEPLOYMENT_TARGET = 8.0;
				LD_RUNPATH_SEARCH_PATHS = "$(inherited) @executable_path/Frameworks";
				PRODUCT_BUNDLE_IDENTIFIER = com.jiemian.Demo2;
				PRODUCT_NAME = "$(TARGET_NAME)";
			};
			name = Debug;
		};
		841F61DE1EC3FA50006AB7A6 /* Release */ = {
			isa = XCBuildConfiguration;
			buildSettings = {
				ASSETCATALOG_COMPILER_APPICON_NAME = AppIcon;
				DEVELOPMENT_TEAM = 538CZ4N2AQ;
				GCC_PRECOMPILE_PREFIX_HEADER = YES;
				GCC_PREFIX_HEADER = PrefixHeader.pch;
				INFOPLIST_FILE = Demo2/Info.plist;
				IPHONEOS_DEPLOYMENT_TARGET = 8.0;
				LD_RUNPATH_SEARCH_PATHS = "$(inherited) @executable_path/Frameworks";
				PRODUCT_BUNDLE_IDENTIFIER = com.jiemian.Demo2;
				PRODUCT_NAME = "$(TARGET_NAME)";
			};
			name = Release;
		};
		841F61E01EC3FA50006AB7A6 /* Debug */ = {
			isa = XCBuildConfiguration;
			buildSettings = {
				BUNDLE_LOADER = "$(TEST_HOST)";
				DEVELOPMENT_TEAM = 538CZ4N2AQ;
				INFOPLIST_FILE = Demo2Tests/Info.plist;
				LD_RUNPATH_SEARCH_PATHS = "$(inherited) @executable_path/Frameworks @loader_path/Frameworks";
				PRODUCT_BUNDLE_IDENTIFIER = com.jiemian.Demo2Tests;
				PRODUCT_NAME = "$(TARGET_NAME)";
				TEST_HOST = "$(BUILT_PRODUCTS_DIR)/Demo2.app/Demo2";
			};
			name = Debug;
		};
		841F61E11EC3FA50006AB7A6 /* Release */ = {
			isa = XCBuildConfiguration;
			buildSettings = {
				BUNDLE_LOADER = "$(TEST_HOST)";
				DEVELOPMENT_TEAM = 538CZ4N2AQ;
				INFOPLIST_FILE = Demo2Tests/Info.plist;
				LD_RUNPATH_SEARCH_PATHS = "$(inherited) @executable_path/Frameworks @loader_path/Frameworks";
				PRODUCT_BUNDLE_IDENTIFIER = com.jiemian.Demo2Tests;
				PRODUCT_NAME = "$(TARGET_NAME)";
				TEST_HOST = "$(BUILT_PRODUCTS_DIR)/Demo2.app/Demo2";
			};
			name = Release;
		};
		841F61E31EC3FA50006AB7A6 /* Debug */ = {
			isa = XCBuildConfiguration;
			buildSettings = {
				DEVELOPMENT_TEAM = 538CZ4N2AQ;
				INFOPLIST_FILE = Demo2UITests/Info.plist;
				LD_RUNPATH_SEARCH_PATHS = "$(inherited) @executable_path/Frameworks @loader_path/Frameworks";
				PRODUCT_BUNDLE_IDENTIFIER = com.jiemian.Demo2UITests;
				PRODUCT_NAME = "$(TARGET_NAME)";
				TEST_TARGET_NAME = Demo2;
			};
			name = Debug;
		};
		841F61E41EC3FA50006AB7A6 /* Release */ = {
			isa = XCBuildConfiguration;
			buildSettings = {
				DEVELOPMENT_TEAM = 538CZ4N2AQ;
				INFOPLIST_FILE = Demo2UITests/Info.plist;
				LD_RUNPATH_SEARCH_PATHS = "$(inherited) @executable_path/Frameworks @loader_path/Frameworks";
				PRODUCT_BUNDLE_IDENTIFIER = com.jiemian.Demo2UITests;
				PRODUCT_NAME = "$(TARGET_NAME)";
				TEST_TARGET_NAME = Demo2;
			};
			name = Release;
		};
/* End XCBuildConfiguration section */

/* Begin XCConfigurationList section */
		841F61A71EC3FA50006AB7A6 /* Build configuration list for PBXProject "Demo2" */ = {
			isa = XCConfigurationList;
			buildConfigurations = (
				841F61DA1EC3FA50006AB7A6 /* Debug */,
				841F61DB1EC3FA50006AB7A6 /* Release */,
			);
			defaultConfigurationIsVisible = 0;
			defaultConfigurationName = Release;
		};
		841F61DC1EC3FA50006AB7A6 /* Build configuration list for PBXNativeTarget "Demo2" */ = {
			isa = XCConfigurationList;
			buildConfigurations = (
				841F61DD1EC3FA50006AB7A6 /* Debug */,
				841F61DE1EC3FA50006AB7A6 /* Release */,
			);
			defaultConfigurationIsVisible = 0;
			defaultConfigurationName = Release;
		};
		841F61DF1EC3FA50006AB7A6 /* Build configuration list for PBXNativeTarget "Demo2Tests" */ = {
			isa = XCConfigurationList;
			buildConfigurations = (
				841F61E01EC3FA50006AB7A6 /* Debug */,
				841F61E11EC3FA50006AB7A6 /* Release */,
			);
			defaultConfigurationIsVisible = 0;
			defaultConfigurationName = Release;
		};
		841F61E21EC3FA50006AB7A6 /* Build configuration list for PBXNativeTarget "Demo2UITests" */ = {
			isa = XCConfigurationList;
			buildConfigurations = (
				841F61E31EC3FA50006AB7A6 /* Debug */,
				841F61E41EC3FA50006AB7A6 /* Release */,
			);
			defaultConfigurationIsVisible = 0;
			defaultConfigurationName = Release;
		};
/* End XCConfigurationList section */

/* Begin XCVersionGroup section */
		841F61BB1EC3FA50006AB7A6 /* Demo2.xcdatamodeld */ = {
			isa = XCVersionGroup;
			children = (
				841F61BC1EC3FA50006AB7A6 /* Demo2.xcdatamodel */,
			);
			currentVersion = 841F61BC1EC3FA50006AB7A6 /* Demo2.xcdatamodel */;
			path = Demo2.xcdatamodeld;
			sourceTree = "<group>";
			versionGroupType = wrapper.xcdatamodel;
		};
/* End XCVersionGroup section */
	};
	rootObject = 841F61A41EC3FA50006AB7A6 /* Project object */;
}
